
Microsoft Visual Studio Solution File, Format Version 12.00
# Visual Studio Version 17
VisualStudioVersion = 17.11.35327.3
MinimumVisualStudioVersion = 10.0.40219.1
Project("{FAE04EC0-301F-11D3-BF4B-00C04F79EFBC}") = "toolbox__copy", "toolbox__copy\toolbox__copy.csproj", "{B0A5FC87-96C6-4A5F-BBA9-4F62DF4AB304}"
EndProject
Global
	GlobalSection(SolutionConfigurationPlatforms) = preSolution
		Debug|Any CPU = Debug|Any CPU
		Release|Any CPU = Release|Any CPU
	EndGlobalSection
	GlobalSection(ProjectConfigurationPlatforms) = postSolution
		{B0A5FC87-96C6-4A5F-BBA9-4F62DF4AB304}.Debug|Any CPU.ActiveCfg = Debug|Any CPU
		{B0A5FC87-96C6-4A5F-BBA9-4F62DF4AB304}.Debug|Any CPU.Build.0 = Debug|Any CPU
		{B0A5FC87-96C6-4A5F-BBA9-4F62DF4AB304}.Release|Any CPU.ActiveCfg = Release|Any CPU
		{B0A5FC87-96C6-4A5F-BBA9-4F62DF4AB304}.Release|Any CPU.Build.0 = Release|Any CPU
	EndGlobalSection
	GlobalSection(SolutionProperties) = preSolution
		HideSolutionNode = FALSE
	EndGlobalSection
	GlobalSection(ExtensibilityGlobals) = postSolution
		SolutionGuid = {2C54F78C-6FB9-4138-A375-13AB43A42289}
	EndGlobalSection
EndGlobal
